// !$*UTF8*$!
{
	archiveVersion = 1;
	classes = {
	};
	objectVersion = 50;
	objects = {

/* Begin PBXBuildFile section */
		F766CDFC24D2F08C00C0A7EB /* AppDelegate.swift in Sources */ = {isa = PBXBuildFile; fileRef = F766CDFB24D2F08C00C0A7EB /* AppDelegate.swift */; };
		F766CDFE24D2F08C00C0A7EB /* art.scnassets in Resources */ = {isa = PBXBuildFile; fileRef = F766CDFD24D2F08C00C0A7EB /* art.scnassets */; };
		F766CE0024D2F08C00C0A7EB /* ViewController.swift in Sources */ = {isa = PBXBuildFile; fileRef = F766CDFF24D2F08C00C0A7EB /* ViewController.swift */; };
		F766CE0324D2F08C00C0A7EB /* Main.storyboard in Resources */ = {isa = PBXBuildFile; fileRef = F766CE0124D2F08C00C0A7EB /* Main.storyboard */; };
		F766CE0524D2F08E00C0A7EB /* Assets.xcassets in Resources */ = {isa = PBXBuildFile; fileRef = F766CE0424D2F08E00C0A7EB /* Assets.xcassets */; };
		F766CE0824D2F08E00C0A7EB /* LaunchScreen.storyboard in Resources */ = {isa = PBXBuildFile; fileRef = F766CE0624D2F08E00C0A7EB /* LaunchScreen.storyboard */; };
		F766CE1124D2F2DA00C0A7EB /* ARWorldTrackingViewController.swift in Sources */ = {isa = PBXBuildFile; fileRef = F766CE1024D2F2DA00C0A7EB /* ARWorldTrackingViewController.swift */; };
		F766CE1324D2F2E800C0A7EB /* ARFaceTrackingViewController.swift in Sources */ = {isa = PBXBuildFile; fileRef = F766CE1224D2F2E800C0A7EB /* ARFaceTrackingViewController.swift */; };
		F766CE1524D2F2F700C0A7EB /* ARImageRecognizeViewController.swift in Sources */ = {isa = PBXBuildFile; fileRef = F766CE1424D2F2F700C0A7EB /* ARImageRecognizeViewController.swift */; };
/* End PBXBuildFile section */

/* Begin PBXFileReference section */
		F766CDF824D2F08C00C0A7EB /* ARKitDemo.app */ = {isa = PBXFileReference; explicitFileType = wrapper.application; includeInIndex = 0; path = ARKitDemo.app; sourceTree = BUILT_PRODUCTS_DIR; };
		F766CDFB24D2F08C00C0A7EB /* AppDelegate.swift */ = {isa = PBXFileReference; lastKnownFileType = sourcecode.swift; path = AppDelegate.swift; sourceTree = "<group>"; };
		F766CDFD24D2F08C00C0A7EB /* art.scnassets */ = {isa = PBXFileReference; lastKnownFileType = wrapper.scnassets; path = art.scnassets; sourceTree = "<group>"; };
		F766CDFF24D2F08C00C0A7EB /* ViewController.swift */ = {isa = PBXFileReference; lastKnownFileType = sourcecode.swift; path = ViewController.swift; sourceTree = "<group>"; };
		F766CE0224D2F08C00C0A7EB /* Base */ = {isa = PBXFileReference; lastKnownFileType = file.storyboard; name = Base; path = Base.lproj/Main.storyboard; sourceTree = "<group>"; };
		F766CE0424D2F08E00C0A7EB /* Assets.xcassets */ = {isa = PBXFileReference; lastKnownFileType = folder.assetcatalog; path = Assets.xcassets; sourceTree = "<group>"; };
		F766CE0724D2F08E00C0A7EB /* Base */ = {isa = PBXFileReference; lastKnownFileType = file.storyboard; name = Base; path = Base.lproj/LaunchScreen.storyboard; sourceTree = "<group>"; };
		F766CE0924D2F08E00C0A7EB /* Info.plist */ = {isa = PBXFileReference; lastKnownFileType = text.plist.xml; path = Info.plist; sourceTree = "<group>"; };
		F766CE1024D2F2DA00C0A7EB /* ARWorldTrackingViewController.swift */ = {isa = PBXFileReference; lastKnownFileType = sourcecode.swift; path = ARWorldTrackingViewController.swift; sourceTree = "<group>"; };
		F766CE1224D2F2E800C0A7EB /* ARFaceTrackingViewController.swift */ = {isa = PBXFileReference; lastKnownFileType = sourcecode.swift; path = ARFaceTrackingViewController.swift; sourceTree = "<group>"; };
		F766CE1424D2F2F700C0A7EB /* ARImageRecognizeViewController.swift */ = {isa = PBXFileReference; lastKnownFileType = sourcecode.swift; path = ARImageRecognizeViewController.swift; sourceTree = "<group>"; };
/* End PBXFileReference section */

/* Begin PBXFrameworksBuildPhase section */
		F766CDF524D2F08C00C0A7EB /* Frameworks */ = {
			isa = PBXFrameworksBuildPhase;
			buildActionMask = 2147483647;
			files = (
			);
			runOnlyForDeploymentPostprocessing = 0;
		};
/* End PBXFrameworksBuildPhase section */

/* Begin PBXGroup section */
		F766CDEF24D2F08C00C0A7EB = {
			isa = PBXGroup;
			children = (
				F766CDFA24D2F08C00C0A7EB /* ARKitDemo */,
				F766CDF924D2F08C00C0A7EB /* Products */,
			);
			sourceTree = "<group>";
		};
		F766CDF924D2F08C00C0A7EB /* Products */ = {
			isa = PBXGroup;
			children = (
				F766CDF824D2F08C00C0A7EB /* ARKitDemo.app */,
			);
			name = Products;
			sourceTree = "<group>";
		};
		F766CDFA24D2F08C00C0A7EB /* ARKitDemo */ = {
			isa = PBXGroup;
			children = (
				F766CE0F24D2F29100C0A7EB /* Demos */,
				F766CDFB24D2F08C00C0A7EB /* AppDelegate.swift */,
				F766CDFD24D2F08C00C0A7EB /* art.scnassets */,
				F766CDFF24D2F08C00C0A7EB /* ViewController.swift */,
				F766CE0124D2F08C00C0A7EB /* Main.storyboard */,
				F766CE0424D2F08E00C0A7EB /* Assets.xcassets */,
				F766CE0624D2F08E00C0A7EB /* LaunchScreen.storyboard */,
				F766CE0924D2F08E00C0A7EB /* Info.plist */,
			);
			path = ARKitDemo;
			sourceTree = "<group>";
		};
		F766CE0F24D2F29100C0A7EB /* Demos */ = {
			isa = PBXGroup;
			children = (
				F766CE1024D2F2DA00C0A7EB /* ARWorldTrackingViewController.swift */,
				F766CE1224D2F2E800C0A7EB /* ARFaceTrackingViewController.swift */,
				F766CE1424D2F2F700C0A7EB /* ARImageRecognizeViewController.swift */,
			);
			path = Demos;
			sourceTree = "<group>";
		};
/* End PBXGroup section */

/* Begin PBXNativeTarget section */
		F766CDF724D2F08C00C0A7EB /* ARKitDemo */ = {
			isa = PBXNativeTarget;
			buildConfigurationList = F766CE0C24D2F08E00C0A7EB /* Build configuration list for PBXNativeTarget "ARKitDemo" */;
			buildPhases = (
				F766CDF424D2F08C00C0A7EB /* Sources */,
				F766CDF524D2F08C00C0A7EB /* Frameworks */,
				F766CDF624D2F08C00C0A7EB /* Resources */,
			);
			buildRules = (
			);
			dependencies = (
			);
			name = ARKitDemo;
			productName = ARKitDemo;
			productReference = F766CDF824D2F08C00C0A7EB /* ARKitDemo.app */;
			productType = "com.apple.product-type.application";
		};
/* End PBXNativeTarget section */

/* Begin PBXProject section */
		F766CDF024D2F08C00C0A7EB /* Project object */ = {
			isa = PBXProject;
			attributes = {
				LastSwiftUpdateCheck = 1160;
				LastUpgradeCheck = 1160;
				ORGANIZATIONNAME = ShenYj;
				TargetAttributes = {
					F766CDF724D2F08C00C0A7EB = {
						CreatedOnToolsVersion = 11.6;
					};
				};
			};
			buildConfigurationList = F766CDF324D2F08C00C0A7EB /* Build configuration list for PBXProject "ARKitDemo" */;
			compatibilityVersion = "Xcode 9.3";
			developmentRegion = en;
			hasScannedForEncodings = 0;
			knownRegions = (
				en,
				Base,
			);
			mainGroup = F766CDEF24D2F08C00C0A7EB;
			productRefGroup = F766CDF924D2F08C00C0A7EB /* Products */;
			projectDirPath = "";
			projectRoot = "";
			targets = (
				F766CDF724D2F08C00C0A7EB /* ARKitDemo */,
			);
		};
/* End PBXProject section */

/* Begin PBXResourcesBuildPhase section */
		F766CDF624D2F08C00C0A7EB /* Resources */ = {
			isa = PBXResourcesBuildPhase;
			buildActionMask = 2147483647;
			files = (
				F766CDFE24D2F08C00C0A7EB /* art.scnassets in Resources */,
				F766CE0824D2F08E00C0A7EB /* LaunchScreen.storyboard in Resources */,
				F766CE0524D2F08E00C0A7EB /* Assets.xcassets in Resources */,
				F766CE0324D2F08C00C0A7EB /* Main.storyboard in Resources */,
			);
			runOnlyForDeploymentPostprocessing = 0;
		};
/* End PBXResourcesBuildPhase section */

/* Begin PBXSourcesBuildPhase section */
		F766CDF424D2F08C00C0A7EB /* Sources */ = {
			isa = PBXSourcesBuildPhase;
			buildActionMask = 2147483647;
			files = (
				F766CE0024D2F08C00C0A7EB /* ViewController.swift in Sources */,
				F766CE1524D2F2F700C0A7EB /* ARImageRecognizeViewController.swift in Sources */,
				F766CE1324D2F2E800C0A7EB /* ARFaceTrackingViewController.swift in Sources */,
				F766CDFC24D2F08C00C0A7EB /* AppDelegate.swift in Sources */,
				F766CE1124D2F2DA00C0A7EB /* ARWorldTrackingViewController.swift in Sources */,
			);
			runOnlyForDeploymentPostprocessing = 0;
		};
/* End PBXSourcesBuildPhase section */

/* Begin PBXVariantGroup section */
		F766CE0124D2F08C00C0A7EB /* Main.storyboard */ = {
			isa = PBXVariantGroup;
			children = (
				F766CE0224D2F08C00C0A7EB /* Base */,
			);
			name = Main.storyboard;
			sourceTree = "<group>";
		};
		F766CE0624D2F08E00C0A7EB /* LaunchScreen.storyboard */ = {
			isa = PBXVariantGroup;
			children = (
				F766CE0724D2F08E00C0A7EB /* Base */,
			);
			name = LaunchScreen.storyboard;
			sourceTree = "<group>";
		};
/* End PBXVariantGroup section */

/* Begin XCBuildConfiguration section */
		F766CE0A24D2F08E00C0A7EB /* Debug */ = {
			isa = XCBuildConfiguration;
			buildSettings = {
				ALWAYS_SEARCH_USER_PATHS = NO;
				CLANG_ANALYZER_NONNULL = YES;
				CLANG_ANALYZER_NUMBER_OBJECT_CONVERSION = YES_AGGRESSIVE;
				CLANG_CXX_LANGUAGE_STANDARD = "gnu++14";
				CLANG_CXX_LIBRARY = "libc++";
				CLANG_ENABLE_MODULES = YES;
				CLANG_ENABLE_OBJC_ARC = YES;
				CLANG_ENABLE_OBJC_WEAK = YES;
				CLANG_WARN_BLOCK_CAPTURE_AUTORELEASING = YES;
				CLANG_WARN_BOOL_CONVERSION = YES;
				CLANG_WARN_COMMA = YES;
				CLANG_WARN_CONSTANT_CONVERSION = YES;
				CLANG_WARN_DEPRECATED_OBJC_IMPLEMENTATIONS = YES;
				CLANG_WARN_DIRECT_OBJC_ISA_USAGE = YES_ERROR;
				CLANG_WARN_DOCUMENTATION_COMMENTS = YES;
				CLANG_WARN_EMPTY_BODY = YES;
				CLANG_WARN_ENUM_CONVERSION = YES;
				CLANG_WARN_INFINITE_RECURSION = YES;
				CLANG_WARN_INT_CONVERSION = YES;
				CLANG_WARN_NON_LITERAL_NULL_CONVERSION = YES;
				CLANG_WARN_OBJC_IMPLICIT_RETAIN_SELF = YES;
				CLANG_WARN_OBJC_LITERAL_CONVERSION = YES;
				CLANG_WARN_OBJC_ROOT_CLASS = YES_ERROR;
				CLANG_WARN_RANGE_LOOP_ANALYSIS = YES;
				CLANG_WARN_STRICT_PROTOTYPES = YES;
				CLANG_WARN_SUSPICIOUS_MOVE = YES;
				CLANG_WARN_UNGUARDED_AVAILABILITY = YES_AGGRESSIVE;
				CLANG_WARN_UNREACHABLE_CODE = YES;
				CLANG_WARN__DUPLICATE_METHOD_MATCH = YES;
				COPY_PHASE_STRIP = NO;
				DEBUG_INFORMATION_FORMAT = dwarf;
				ENABLE_STRICT_OBJC_MSGSEND = YES;
				ENABLE_TESTABILITY = YES;
				GCC_C_LANGUAGE_STANDARD = gnu11;
				GCC_DYNAMIC_NO_PIC = NO;
				GCC_NO_COMMON_BLOCKS = YES;
				GCC_OPTIMIZATION_LEVEL = 0;
				GCC_PREPROCESSOR_DEFINITIONS = (
					"DEBUG=1",
					"$(inherited)",
				);
				GCC_WARN_64_TO_32_BIT_CONVERSION = YES;
				GCC_WARN_ABOUT_RETURN_TYPE = YES_ERROR;
				GCC_WARN_UNDECLARED_SELECTOR = YES;
				GCC_WARN_UNINITIALIZED_AUTOS = YES_AGGRESSIVE;
				GCC_WARN_UNUSED_FUNCTION = YES;
				GCC_WARN_UNUSED_VARIABLE = YES;
				IPHONEOS_DEPLOYMENT_TARGET = 13.6;
				MTL_ENABLE_DEBUG_INFO = INCLUDE_SOURCE;
				MTL_FAST_MATH = YES;
				ONLY_ACTIVE_ARCH = YES;
				SDKROOT = iphoneos;
				SWIFT_ACTIVE_COMPILATION_CONDITIONS = DEBUG;
				SWIFT_OPTIMIZATION_LEVEL = "-Onone";
			};
			name = Debug;
		};
		F766CE0B24D2F08E00C0A7EB /* Release */ = {
			isa = XCBuildConfiguration;
			buildSettings = {
				ALWAYS_SEARCH_USER_PATHS = NO;
				CLANG_ANALYZER_NONNULL = YES;
				CLANG_ANALYZER_NUMBER_OBJECT_CONVERSION = YES_AGGRESSIVE;
				CLANG_CXX_LANGUAGE_STANDARD = "gnu++14";
				CLANG_CXX_LIBRARY = "libc++";
				CLANG_ENABLE_MODULES = YES;
				CLANG_ENABLE_OBJC_ARC = YES;
				CLANG_ENABLE_OBJC_WEAK = YES;
				CLANG_WARN_BLOCK_CAPTURE_AUTORELEASING = YES;
				CLANG_WARN_BOOL_CONVERSION = YES;
				CLANG_WARN_COMMA = YES;
				CLANG_WARN_CONSTANT_CONVERSION = YES;
				CLANG_WARN_DEPRECATED_OBJC_IMPLEMENTATIONS = YES;
				CLANG_WARN_DIRECT_OBJC_ISA_USAGE = YES_ERROR;
				CLANG_WARN_DOCUMENTATION_COMMENTS = YES;
				CLANG_WARN_EMPTY_BODY = YES;
				CLANG_WARN_ENUM_CONVERSION = YES;
				CLANG_WARN_INFINITE_RECURSION = YES;
				CLANG_WARN_INT_CONVERSION = YES;
				CLANG_WARN_NON_LITERAL_NULL_CONVERSION = YES;
				CLANG_WARN_OBJC_IMPLICIT_RETAIN_SELF = YES;
				CLANG_WARN_OBJC_LITERAL_CONVERSION = YES;
				CLANG_WARN_OBJC_ROOT_CLASS = YES_ERROR;
				CLANG_WARN_RANGE_LOOP_ANALYSIS = YES;
				CLANG_WARN_STRICT_PROTOTYPES = YES;
				CLANG_WARN_SUSPICIOUS_MOVE = YES;
				CLANG_WARN_UNGUARDED_AVAILABILITY = YES_AGGRESSIVE;
				CLANG_WARN_UNREACHABLE_CODE = YES;
				CLANG_WARN__DUPLICATE_METHOD_MATCH = YES;
				COPY_PHASE_STRIP = NO;
				DEBUG_INFORMATION_FORMAT = "dwarf-with-dsym";
				ENABLE_NS_ASSERTIONS = NO;
				ENABLE_STRICT_OBJC_MSGSEND = YES;
				GCC_C_LANGUAGE_STANDARD = gnu11;
				GCC_NO_COMMON_BLOCKS = YES;
				GCC_WARN_64_TO_32_BIT_CONVERSION = YES;
				GCC_WARN_ABOUT_RETURN_TYPE = YES_ERROR;
				GCC_WARN_UNDECLARED_SELECTOR = YES;
				GCC_WARN_UNINITIALIZED_AUTOS = YES_AGGRESSIVE;
				GCC_WARN_UNUSED_FUNCTION = YES;
				GCC_WARN_UNUSED_VARIABLE = YES;
				IPHONEOS_DEPLOYMENT_TARGET = 13.6;
				MTL_ENABLE_DEBUG_INFO = NO;
				MTL_FAST_MATH = YES;
				SDKROOT = iphoneos;
				SWIFT_COMPILATION_MODE = wholemodule;
				SWIFT_OPTIMIZATION_LEVEL = "-O";
				VALIDATE_PRODUCT = YES;
			};
			name = Release;
		};
		F766CE0D24D2F08E00C0A7EB /* Debug */ = {
			isa = XCBuildConfiguration;
			buildSettings = {
				ASSETCATALOG_COMPILER_APPICON_NAME = AppIcon;
				CODE_SIGN_STYLE = Automatic;
				DEVELOPMENT_TEAM = KS5QTFAS57;
				INFOPLIST_FILE = ARKitDemo/Info.plist;
				LD_RUNPATH_SEARCH_PATHS = (
					"$(inherited)",
					"@executable_path/Frameworks",
				);
				PRODUCT_BUNDLE_IDENTIFIER = cn.ShenYj.arkit.demo.ARKitDemo;
				PRODUCT_NAME = "$(TARGET_NAME)";
				SWIFT_VERSION = 5.0;
				TARGETED_DEVICE_FAMILY = "1,2";
			};
			name = Debug;
		};
		F766CE0E24D2F08E00C0A7EB /* Release */ = {
			isa = XCBuildConfiguration;
			buildSettings = {
				ASSETCATALOG_COMPILER_APPICON_NAME = AppIcon;
				CODE_SIGN_STYLE = Automatic;
				DEVELOPMENT_TEAM = KS5QTFAS57;
				INFOPLIST_FILE = ARKitDemo/Info.plist;
				LD_RUNPATH_SEARCH_PATHS = (
					"$(inherited)",
					"@executable_path/Frameworks",
				);
				PRODUCT_BUNDLE_IDENTIFIER = cn.ShenYj.arkit.demo.ARKitDemo;
				PRODUCT_NAME = "$(TARGET_NAME)";
				SWIFT_VERSION = 5.0;
				TARGETED_DEVICE_FAMILY = "1,2";
			};
			name = Release;
		};
/* End XCBuildConfiguration section */

/* Begin XCConfigurationList section */
		F766CDF324D2F08C00C0A7EB /* Build configuration list for PBXProject "ARKitDemo" */ = {
			isa = XCConfigurationList;
			buildConfigurations = (
				F766CE0A24D2F08E00C0A7EB /* Debug */,
				F766CE0B24D2F08E00C0A7EB /* Release */,
			);
			defaultConfigurationIsVisible = 0;
			defaultConfigurationName = Release;
		};
		F766CE0C24D2F08E00C0A7EB /* Build configuration list for PBXNativeTarget "ARKitDemo" */ = {
			isa = XCConfigurationList;
			buildConfigurations = (
				F766CE0D24D2F08E00C0A7EB /* Debug */,
				F766CE0E24D2F08E00C0A7EB /* Release */,
			);
			defaultConfigurationIsVisible = 0;
			defaultConfigurationName = Release;
		};
/* End XCConfigurationList section */
	};
	rootObject = F766CDF024D2F08C00C0A7EB /* Project object */;
}
